
Microsoft Visual Studio Solution File, Format Version 12.00
# Visual Studio 14
VisualStudioVersion = 14.0.23107.0
MinimumVisualStudioVersion = 10.0.40219.1
Project("{FAE04EC0-301F-11D3-BF4B-00C04F79EFBC}") = "ShapesDesktopApplication", "ShapesDesktopApplication\ShapesDesktopApplication.csproj", "{22DFBB80-E875-4C6F-BC96-704B339C7DEC}"
EndProject
Project("{FAE04EC0-301F-11D3-BF4B-00C04F79EFBC}") = "Shapes", "Shapes\Shapes.csproj", "{41789615-EE97-4303-84B2-C1CEC57D0768}"
EndProject
Global
	GlobalSection(SolutionConfigurationPlatforms) = preSolution
		Debug|Any CPU = Debug|Any CPU
		Release|Any CPU = Release|Any CPU
	EndGlobalSection
	GlobalSection(ProjectConfigurationPlatforms) = postSolution
		{22DFBB80-E875-4C6F-BC96-704B339C7DEC}.Debug|Any CPU.ActiveCfg = Debug|Any CPU
		{22DFBB80-E875-4C6F-BC96-704B339C7DEC}.Debug|Any CPU.Build.0 = Debug|Any CPU
		{22DFBB80-E875-4C6F-BC96-704B339C7DEC}.Release|Any CPU.ActiveCfg = Release|Any CPU
		{22DFBB80-E875-4C6F-BC96-704B339C7DEC}.Release|Any CPU.Build.0 = Release|Any CPU
		{41789615-EE97-4303-84B2-C1CEC57D0768}.Debug|Any CPU.ActiveCfg = Debug|Any CPU
		{41789615-EE97-4303-84B2-C1CEC57D0768}.Debug|Any CPU.Build.0 = Debug|Any CPU
		{41789615-EE97-4303-84B2-C1CEC57D0768}.Release|Any CPU.ActiveCfg = Release|Any CPU
		{41789615-EE97-4303-84B2-C1CEC57D0768}.Release|Any CPU.Build.0 = Release|Any CPU
	EndGlobalSection
	GlobalSection(SolutionProperties) = preSolution
		HideSolutionNode = FALSE
	EndGlobalSection
EndGlobal
