
Microsoft Visual Studio Solution File, Format Version 12.00
# Visual Studio 14
VisualStudioVersion = 14.0.23107.0
MinimumVisualStudioVersion = 10.0.40219.1
Project("{FAE04EC0-301F-11D3-BF4B-00C04F79EFBC}") = "Fractions", "Fractions\Fractions.csproj", "{8DCBD502-FE49-47DC-88B7-25764C25F97F}"
EndProject
Project("{FAE04EC0-301F-11D3-BF4B-00C04F79EFBC}") = "FractionsApplication", "FractionsApplication\FractionsApplication.csproj", "{80A33C93-ED4A-49F6-B96D-8B966C585078}"
EndProject
Global
	GlobalSection(SolutionConfigurationPlatforms) = preSolution
		Debug|Any CPU = Debug|Any CPU
		Release|Any CPU = Release|Any CPU
	EndGlobalSection
	GlobalSection(ProjectConfigurationPlatforms) = postSolution
		{8DCBD502-FE49-47DC-88B7-25764C25F97F}.Debug|Any CPU.ActiveCfg = Debug|Any CPU
		{8DCBD502-FE49-47DC-88B7-25764C25F97F}.Debug|Any CPU.Build.0 = Debug|Any CPU
		{8DCBD502-FE49-47DC-88B7-25764C25F97F}.Release|Any CPU.ActiveCfg = Release|Any CPU
		{8DCBD502-FE49-47DC-88B7-25764C25F97F}.Release|Any CPU.Build.0 = Release|Any CPU
		{80A33C93-ED4A-49F6-B96D-8B966C585078}.Debug|Any CPU.ActiveCfg = Debug|Any CPU
		{80A33C93-ED4A-49F6-B96D-8B966C585078}.Debug|Any CPU.Build.0 = Debug|Any CPU
		{80A33C93-ED4A-49F6-B96D-8B966C585078}.Release|Any CPU.ActiveCfg = Release|Any CPU
		{80A33C93-ED4A-49F6-B96D-8B966C585078}.Release|Any CPU.Build.0 = Release|Any CPU
	EndGlobalSection
	GlobalSection(SolutionProperties) = preSolution
		HideSolutionNode = FALSE
	EndGlobalSection
EndGlobal
